
Microsoft Visual Studio Solution File, Format Version 12.00
# Visual Studio Version 17
VisualStudioVersion = 17.0.32014.148
MinimumVisualStudioVersion = 10.0.40219.1
Project("{9A19103F-16F7-4668-BE54-9A1E7A4F7556}") = "ApiBureau.CloudCall.Api", "..\cloudcall-api\src\ApiBureau.CloudCall.Api\ApiBureau.CloudCall.Api.csproj", "{1A82BFCA-11FE-4287-A710-B3F2201AE62B}"
EndProject
Project("{9A19103F-16F7-4668-BE54-9A1E7A4F7556}") = "ApiBureau.CloudCall.Api.Console", "..\cloudcall-api\src\ApiBureau.CloudCall.Api.Console\ApiBureau.CloudCall.Api.Console.csproj", "{682D2CDE-1196-4507-8950-3C8CF973B83E}"
EndProject
Project("{9A19103F-16F7-4668-BE54-9A1E7A4F7556}") = "ApiBureau.Confluence.Api", "..\confluence-api\src\ApiBureau.Confluence.Api\ApiBureau.Confluence.Api.csproj", "{E0DC67E8-EC51-4ECC-8D06-1C9F3D448C22}"
EndProject
Project("{9A19103F-16F7-4668-BE54-9A1E7A4F7556}") = "ApiBureau.AllApis.Console", "src\ApiBureau.AllApis.Console\ApiBureau.AllApis.Console.csproj", "{9BB5A413-997B-4451-BD03-71D4A0E4F1BC}"
EndProject
Project("{2150E333-8FDC-42A3-9474-1A3956D46DE8}") = "postman", "postman", "{EF2F6820-0FB6-41CB-B370-80117B16AB9C}"
	ProjectSection(SolutionItems) = preProject
		..\cloudcall-api\postman\Cloud Call.postman_collection.json = ..\cloudcall-api\postman\Cloud Call.postman_collection.json
		..\confluence-api\postman\Confluence.postman_collection.json = ..\confluence-api\postman\Confluence.postman_collection.json
	EndProjectSection
EndProject
Project("{9A19103F-16F7-4668-BE54-9A1E7A4F7556}") = "ApiBureau.SharePoint.Api", "..\sharepoint-api\src\ApiBureau.SharePoint.Api\ApiBureau.SharePoint.Api.csproj", "{5511BE68-35B6-44CA-928C-2E90CEC79E2E}"
EndProject
Project("{2150E333-8FDC-42A3-9474-1A3956D46DE8}") = "Solution Items", "Solution Items", "{2A8FA81E-158C-444E-97E3-3DCCBFD15E82}"
	ProjectSection(SolutionItems) = preProject
		.gitignore = .gitignore
		README.md = README.md
	EndProjectSection
EndProject
Project("{9A19103F-16F7-4668-BE54-9A1E7A4F7556}") = "Emsi.Api", "..\emsi-api\src\Emsi.Api\Emsi.Api.csproj", "{F2D9F03F-497A-4728-8958-EEFB735DAF9B}"
EndProject
Project("{9A19103F-16F7-4668-BE54-9A1E7A4F7556}") = "Emsi.Api.Console", "..\emsi-api\src\Emsi.Api.Console\Emsi.Api.Console.csproj", "{801D6C94-4235-4A88-9EF7-3CC451AD7FBE}"
EndProject
Project("{9A19103F-16F7-4668-BE54-9A1E7A4F7556}") = "Emsi.Data", "..\emsi-api\src\Emsi.Data\Emsi.Data.csproj", "{88034C9F-3FB2-4AB4-AFD3-B63A11AF2218}"
EndProject
Project("{9A19103F-16F7-4668-BE54-9A1E7A4F7556}") = "Emsi.Playground", "..\emsi-api\src\Emsi.Playground\Emsi.Playground.csproj", "{9BDA9E5D-8D6F-4471-B303-FC090FC7E773}"
EndProject
Project("{9A19103F-16F7-4668-BE54-9A1E7A4F7556}") = "Emsi.Web.ApiDashboard", "..\emsi-api\src\Emsi.Web.ApiDashboard\Emsi.Web.ApiDashboard.csproj", "{94B527F7-5599-4CFE-B2A5-B1C0D3BE8926}"
EndProject
Project("{FAE04EC0-301F-11D3-BF4B-00C04F79EFBC}") = "ApiBureau.Edays.Api", "..\e-days-api\src\ApiBureau.Edays.Api\ApiBureau.Edays.Api.csproj", "{4A7F24C3-8432-44F8-9C10-63F36D5149E5}"
EndProject
Global
	GlobalSection(SolutionConfigurationPlatforms) = preSolution
		Debug|Any CPU = Debug|Any CPU
		Release|Any CPU = Release|Any CPU
	EndGlobalSection
	GlobalSection(ProjectConfigurationPlatforms) = postSolution
		{1A82BFCA-11FE-4287-A710-B3F2201AE62B}.Debug|Any CPU.ActiveCfg = Debug|Any CPU
		{1A82BFCA-11FE-4287-A710-B3F2201AE62B}.Debug|Any CPU.Build.0 = Debug|Any CPU
		{1A82BFCA-11FE-4287-A710-B3F2201AE62B}.Release|Any CPU.ActiveCfg = Release|Any CPU
		{1A82BFCA-11FE-4287-A710-B3F2201AE62B}.Release|Any CPU.Build.0 = Release|Any CPU
		{682D2CDE-1196-4507-8950-3C8CF973B83E}.Debug|Any CPU.ActiveCfg = Debug|Any CPU
		{682D2CDE-1196-4507-8950-3C8CF973B83E}.Debug|Any CPU.Build.0 = Debug|Any CPU
		{682D2CDE-1196-4507-8950-3C8CF973B83E}.Release|Any CPU.ActiveCfg = Release|Any CPU
		{682D2CDE-1196-4507-8950-3C8CF973B83E}.Release|Any CPU.Build.0 = Release|Any CPU
		{E0DC67E8-EC51-4ECC-8D06-1C9F3D448C22}.Debug|Any CPU.ActiveCfg = Debug|Any CPU
		{E0DC67E8-EC51-4ECC-8D06-1C9F3D448C22}.Debug|Any CPU.Build.0 = Debug|Any CPU
		{E0DC67E8-EC51-4ECC-8D06-1C9F3D448C22}.Release|Any CPU.ActiveCfg = Release|Any CPU
		{E0DC67E8-EC51-4ECC-8D06-1C9F3D448C22}.Release|Any CPU.Build.0 = Release|Any CPU
		{9BB5A413-997B-4451-BD03-71D4A0E4F1BC}.Debug|Any CPU.ActiveCfg = Debug|Any CPU
		{9BB5A413-997B-4451-BD03-71D4A0E4F1BC}.Debug|Any CPU.Build.0 = Debug|Any CPU
		{9BB5A413-997B-4451-BD03-71D4A0E4F1BC}.Release|Any CPU.ActiveCfg = Release|Any CPU
		{9BB5A413-997B-4451-BD03-71D4A0E4F1BC}.Release|Any CPU.Build.0 = Release|Any CPU
		{5511BE68-35B6-44CA-928C-2E90CEC79E2E}.Debug|Any CPU.ActiveCfg = Debug|Any CPU
		{5511BE68-35B6-44CA-928C-2E90CEC79E2E}.Debug|Any CPU.Build.0 = Debug|Any CPU
		{5511BE68-35B6-44CA-928C-2E90CEC79E2E}.Release|Any CPU.ActiveCfg = Release|Any CPU
		{5511BE68-35B6-44CA-928C-2E90CEC79E2E}.Release|Any CPU.Build.0 = Release|Any CPU
		{F2D9F03F-497A-4728-8958-EEFB735DAF9B}.Debug|Any CPU.ActiveCfg = Debug|Any CPU
		{F2D9F03F-497A-4728-8958-EEFB735DAF9B}.Debug|Any CPU.Build.0 = Debug|Any CPU
		{F2D9F03F-497A-4728-8958-EEFB735DAF9B}.Release|Any CPU.ActiveCfg = Release|Any CPU
		{F2D9F03F-497A-4728-8958-EEFB735DAF9B}.Release|Any CPU.Build.0 = Release|Any CPU
		{801D6C94-4235-4A88-9EF7-3CC451AD7FBE}.Debug|Any CPU.ActiveCfg = Debug|Any CPU
		{801D6C94-4235-4A88-9EF7-3CC451AD7FBE}.Debug|Any CPU.Build.0 = Debug|Any CPU
		{801D6C94-4235-4A88-9EF7-3CC451AD7FBE}.Release|Any CPU.ActiveCfg = Release|Any CPU
		{801D6C94-4235-4A88-9EF7-3CC451AD7FBE}.Release|Any CPU.Build.0 = Release|Any CPU
		{88034C9F-3FB2-4AB4-AFD3-B63A11AF2218}.Debug|Any CPU.ActiveCfg = Debug|Any CPU
		{88034C9F-3FB2-4AB4-AFD3-B63A11AF2218}.Debug|Any CPU.Build.0 = Debug|Any CPU
		{88034C9F-3FB2-4AB4-AFD3-B63A11AF2218}.Release|Any CPU.ActiveCfg = Release|Any CPU
		{88034C9F-3FB2-4AB4-AFD3-B63A11AF2218}.Release|Any CPU.Build.0 = Release|Any CPU
		{9BDA9E5D-8D6F-4471-B303-FC090FC7E773}.Debug|Any CPU.ActiveCfg = Debug|Any CPU
		{9BDA9E5D-8D6F-4471-B303-FC090FC7E773}.Debug|Any CPU.Build.0 = Debug|Any CPU
		{9BDA9E5D-8D6F-4471-B303-FC090FC7E773}.Release|Any CPU.ActiveCfg = Release|Any CPU
		{9BDA9E5D-8D6F-4471-B303-FC090FC7E773}.Release|Any CPU.Build.0 = Release|Any CPU
		{94B527F7-5599-4CFE-B2A5-B1C0D3BE8926}.Debug|Any CPU.ActiveCfg = Debug|Any CPU
		{94B527F7-5599-4CFE-B2A5-B1C0D3BE8926}.Debug|Any CPU.Build.0 = Debug|Any CPU
		{94B527F7-5599-4CFE-B2A5-B1C0D3BE8926}.Release|Any CPU.ActiveCfg = Release|Any CPU
		{94B527F7-5599-4CFE-B2A5-B1C0D3BE8926}.Release|Any CPU.Build.0 = Release|Any CPU
		{4A7F24C3-8432-44F8-9C10-63F36D5149E5}.Debug|Any CPU.ActiveCfg = Debug|Any CPU
		{4A7F24C3-8432-44F8-9C10-63F36D5149E5}.Debug|Any CPU.Build.0 = Debug|Any CPU
		{4A7F24C3-8432-44F8-9C10-63F36D5149E5}.Release|Any CPU.ActiveCfg = Release|Any CPU
		{4A7F24C3-8432-44F8-9C10-63F36D5149E5}.Release|Any CPU.Build.0 = Release|Any CPU
	EndGlobalSection
	GlobalSection(SolutionProperties) = preSolution
		HideSolutionNode = FALSE
	EndGlobalSection
	GlobalSection(ExtensibilityGlobals) = postSolution
		SolutionGuid = {19F9CBE4-6E78-49E7-AD9A-EB42ACE4A04D}
	EndGlobalSection
EndGlobal
